
Microsoft Visual Studio Solution File, Format Version 12.00
# Visual Studio Version 17
VisualStudioVersion = 17.3.32825.248
MinimumVisualStudioVersion = 10.0.40219.1
Project("{FAE04EC0-301F-11D3-BF4B-00C04F79EFBC}") = "Практическая №6", "Практическая №6\Практическая №6.csproj", "{FD8B03A4-E188-49F8-ABA2-C087114E218F}"
EndProject
Global
	GlobalSection(SolutionConfigurationPlatforms) = preSolution
		Debug|Any CPU = Debug|Any CPU
		Release|Any CPU = Release|Any CPU
	EndGlobalSection
	GlobalSection(ProjectConfigurationPlatforms) = postSolution
		{FD8B03A4-E188-49F8-ABA2-C087114E218F}.Debug|Any CPU.ActiveCfg = Debug|Any CPU
		{FD8B03A4-E188-49F8-ABA2-C087114E218F}.Debug|Any CPU.Build.0 = Debug|Any CPU
		{FD8B03A4-E188-49F8-ABA2-C087114E218F}.Release|Any CPU.ActiveCfg = Release|Any CPU
		{FD8B03A4-E188-49F8-ABA2-C087114E218F}.Release|Any CPU.Build.0 = Release|Any CPU
	EndGlobalSection
	GlobalSection(SolutionProperties) = preSolution
		HideSolutionNode = FALSE
	EndGlobalSection
	GlobalSection(ExtensibilityGlobals) = postSolution
		SolutionGuid = {5FFA28B3-556C-4D74-B73B-52062BE92CED}
	EndGlobalSection
EndGlobal
